
Microsoft Visual Studio Solution File, Format Version 12.00
# Visual Studio Version 17
VisualStudioVersion = 17.10.35027.167
MinimumVisualStudioVersion = 10.0.40219.1
Project("{FAE04EC0-301F-11D3-BF4B-00C04F79EFBC}") = "dynBIM3DM", "dynBIM3DM\dynBIM3DM.csproj", "{909B177B-8690-434E-91C6-EFCE2AA9709B}"
EndProject
Global
	GlobalSection(SolutionConfigurationPlatforms) = preSolution
		Debug|Any CPU = Debug|Any CPU
		Release|Any CPU = Release|Any CPU
	EndGlobalSection
	GlobalSection(ProjectConfigurationPlatforms) = postSolution
		{909B177B-8690-434E-91C6-EFCE2AA9709B}.Debug|Any CPU.ActiveCfg = Debug|Any CPU
		{909B177B-8690-434E-91C6-EFCE2AA9709B}.Debug|Any CPU.Build.0 = Debug|Any CPU
		{909B177B-8690-434E-91C6-EFCE2AA9709B}.Release|Any CPU.ActiveCfg = Release|Any CPU
		{909B177B-8690-434E-91C6-EFCE2AA9709B}.Release|Any CPU.Build.0 = Release|Any CPU
	EndGlobalSection
	GlobalSection(SolutionProperties) = preSolution
		HideSolutionNode = FALSE
	EndGlobalSection
	GlobalSection(ExtensibilityGlobals) = postSolution
		SolutionGuid = {A058A9AD-6612-42BE-8924-F7AA95FE1332}
	EndGlobalSection
EndGlobal
